
Microsoft Visual Studio Solution File, Format Version 12.00
# Visual Studio Version 17
VisualStudioVersion = 17.7.33711.374
MinimumVisualStudioVersion = 10.0.40219.1
Project("{2150E333-8FDC-42A3-9474-1A3956D46DE8}") = "src", "src", "{3BEDE23A-C06F-49BA-94A0-F14F57AA6ADE}"
EndProject
Project("{2150E333-8FDC-42A3-9474-1A3956D46DE8}") = "tests", "tests", "{7598BA57-293B-4F31-A440-9A76EB4B8E98}"
EndProject
Project("{9A19103F-16F7-4668-BE54-9A1E7A4F7556}") = "MyoFibril.WebAPI", "src\MyoFibril.WebAPI\MyoFibril.WebAPI.csproj", "{6286C4FA-44C4-4340-8338-804EB90E7E06}"
EndProject
Project("{9A19103F-16F7-4668-BE54-9A1E7A4F7556}") = "MyoFibril.Contracts", "src\MyoFibril.Contracts\MyoFibril.Contracts.csproj", "{21D0FD6C-19EA-4C37-A1BE-8806C143EAA1}"
EndProject
Project("{2150E333-8FDC-42A3-9474-1A3956D46DE8}") = "files", "files", "{C5A20DA3-B1E6-4D56-BC81-AC7877847701}"
	ProjectSection(SolutionItems) = preProject
		.gitignore = .gitignore
		LICENSE.txt = LICENSE.txt
		README.md = README.md
	EndProjectSection
EndProject
Project("{9A19103F-16F7-4668-BE54-9A1E7A4F7556}") = "MyoFibril.WebAPI.Tests", "tests\MyoFibril.WebAPI.Tests\MyoFibril.WebAPI.Tests.csproj", "{16D39D76-CA7B-46D6-AFA9-CC5B14E23975}"
EndProject
Project("{FAE04EC0-301F-11D3-BF4B-00C04F79EFBC}") = "MyoFibril.Domain", "src\MyoFibril.Domain\MyoFibril.Domain.csproj", "{1C50A12D-B898-4748-8998-2154DDD6A341}"
EndProject
Global
	GlobalSection(SolutionConfigurationPlatforms) = preSolution
		Debug|Any CPU = Debug|Any CPU
		Release|Any CPU = Release|Any CPU
	EndGlobalSection
	GlobalSection(ProjectConfigurationPlatforms) = postSolution
		{6286C4FA-44C4-4340-8338-804EB90E7E06}.Debug|Any CPU.ActiveCfg = Debug|Any CPU
		{6286C4FA-44C4-4340-8338-804EB90E7E06}.Debug|Any CPU.Build.0 = Debug|Any CPU
		{6286C4FA-44C4-4340-8338-804EB90E7E06}.Release|Any CPU.ActiveCfg = Release|Any CPU
		{6286C4FA-44C4-4340-8338-804EB90E7E06}.Release|Any CPU.Build.0 = Release|Any CPU
		{21D0FD6C-19EA-4C37-A1BE-8806C143EAA1}.Debug|Any CPU.ActiveCfg = Debug|Any CPU
		{21D0FD6C-19EA-4C37-A1BE-8806C143EAA1}.Debug|Any CPU.Build.0 = Debug|Any CPU
		{21D0FD6C-19EA-4C37-A1BE-8806C143EAA1}.Release|Any CPU.ActiveCfg = Release|Any CPU
		{21D0FD6C-19EA-4C37-A1BE-8806C143EAA1}.Release|Any CPU.Build.0 = Release|Any CPU
		{16D39D76-CA7B-46D6-AFA9-CC5B14E23975}.Debug|Any CPU.ActiveCfg = Debug|Any CPU
		{16D39D76-CA7B-46D6-AFA9-CC5B14E23975}.Debug|Any CPU.Build.0 = Debug|Any CPU
		{16D39D76-CA7B-46D6-AFA9-CC5B14E23975}.Release|Any CPU.ActiveCfg = Release|Any CPU
		{16D39D76-CA7B-46D6-AFA9-CC5B14E23975}.Release|Any CPU.Build.0 = Release|Any CPU
		{1C50A12D-B898-4748-8998-2154DDD6A341}.Debug|Any CPU.ActiveCfg = Debug|Any CPU
		{1C50A12D-B898-4748-8998-2154DDD6A341}.Debug|Any CPU.Build.0 = Debug|Any CPU
		{1C50A12D-B898-4748-8998-2154DDD6A341}.Release|Any CPU.ActiveCfg = Release|Any CPU
		{1C50A12D-B898-4748-8998-2154DDD6A341}.Release|Any CPU.Build.0 = Release|Any CPU
	EndGlobalSection
	GlobalSection(SolutionProperties) = preSolution
		HideSolutionNode = FALSE
	EndGlobalSection
	GlobalSection(NestedProjects) = preSolution
		{6286C4FA-44C4-4340-8338-804EB90E7E06} = {3BEDE23A-C06F-49BA-94A0-F14F57AA6ADE}
		{21D0FD6C-19EA-4C37-A1BE-8806C143EAA1} = {3BEDE23A-C06F-49BA-94A0-F14F57AA6ADE}
		{16D39D76-CA7B-46D6-AFA9-CC5B14E23975} = {7598BA57-293B-4F31-A440-9A76EB4B8E98}
		{1C50A12D-B898-4748-8998-2154DDD6A341} = {3BEDE23A-C06F-49BA-94A0-F14F57AA6ADE}
	EndGlobalSection
	GlobalSection(ExtensibilityGlobals) = postSolution
		SolutionGuid = {E43A45FB-2AE3-41AF-82AF-E3CD8CB3463B}
	EndGlobalSection
EndGlobal
